
Microsoft Visual Studio Solution File, Format Version 12.00
# Visual Studio Version 16
VisualStudioVersion = 16.0.30907.101
MinimumVisualStudioVersion = 10.0.40219.1
Project("{FAE04EC0-301F-11D3-BF4B-00C04F79EFBC}") = "Spawnsing-Escritorio", "Spawnsing-Escritorio\Spawnsing-Escritorio.csproj", "{9B86B7B5-C9F3-4ECC-9685-DFBB8C1F091D}"
EndProject
Global
	GlobalSection(SolutionConfigurationPlatforms) = preSolution
		Debug|Any CPU = Debug|Any CPU
		Release|Any CPU = Release|Any CPU
	EndGlobalSection
	GlobalSection(ProjectConfigurationPlatforms) = postSolution
		{9B86B7B5-C9F3-4ECC-9685-DFBB8C1F091D}.Debug|Any CPU.ActiveCfg = Debug|Any CPU
		{9B86B7B5-C9F3-4ECC-9685-DFBB8C1F091D}.Debug|Any CPU.Build.0 = Debug|Any CPU
		{9B86B7B5-C9F3-4ECC-9685-DFBB8C1F091D}.Release|Any CPU.ActiveCfg = Release|Any CPU
		{9B86B7B5-C9F3-4ECC-9685-DFBB8C1F091D}.Release|Any CPU.Build.0 = Release|Any CPU
	EndGlobalSection
	GlobalSection(SolutionProperties) = preSolution
		HideSolutionNode = FALSE
	EndGlobalSection
	GlobalSection(ExtensibilityGlobals) = postSolution
		SolutionGuid = {1B8B239E-4606-4D24-A01F-4D622EC31E37}
	EndGlobalSection
EndGlobal
